# THIS IS AN AUTOGENERATED FILE. DO NOT EDIT THIS FILE DIRECTLY.
# yarn lockfile v1


"@tauri-apps/api@^1.5.1":
  version "1.5.1"
  resolved "https://registry.yarnpkg.com/@tauri-apps/api/-/api-1.5.1.tgz#9074476c4323f71351db624e9711c99277cdfb99"
  integrity sha512-6unsZDOdlXTmauU3NhWhn+Cx0rODV+rvNvTdvolE5Kls5ybA6cqndQENDt1+FS0tF7ozCP66jwWoH6a5h90BrA==

"@tauri-apps/cli-darwin-arm64@1.5.4":
  version "1.5.4"
  resolved "https://registry.yarnpkg.com/@tauri-apps/cli-darwin-arm64/-/cli-darwin-arm64-1.5.4.tgz#ec89ba25d616c351bfa54752edb7b9ab3d74cc8b"
  integrity sha512-gbCmzVYYRgyftyheEtTkShvnStJQeN0kQYIUIWVUQiF7bsgHhD4/CfJyPNbwYtdGogtZJtKJEZbIwB9HVMaegA==

"@tauri-apps/cli-darwin-x64@1.5.4":
  version "1.5.4"
  resolved "https://registry.yarnpkg.com/@tauri-apps/cli-darwin-x64/-/cli-darwin-x64-1.5.4.tgz#378addbeac15e6525e2d1212b0db44cc03f05f20"
  integrity sha512-Ysi9URY4F9m+f7ThXAYDfu4oEDMWAWhdaEeaoOI4VcaWXckbZl+8klaF1clm6xW+iOK/bmzKS4SlyGknlhRgQA==

"@tauri-apps/cli-linux-arm-gnueabihf@1.5.4":
  version "1.5.4"
  resolved "https://registry.yarnpkg.com/@tauri-apps/cli-linux-arm-gnueabihf/-/cli-linux-arm-gnueabihf-1.5.4.tgz#0150ea69e4a7e8c909bcb0d8b98e113e720a2eb6"
  integrity sha512-7tBjl5Fn5CPKvADVvBhA43EM9SWgy0L1IueHooSjJslwo2Ca5Tm+lZfPHnhaGF6uDFZ8RU1YZEcI33rUqEhJYQ==

"@tauri-apps/cli-linux-arm64-gnu@1.5.4":
  version "1.5.4"
  resolved "https://registry.yarnpkg.com/@tauri-apps/cli-linux-arm64-gnu/-/cli-linux-arm64-gnu-1.5.4.tgz#5ff4077e27a53e50d57d4cda3f4e0921d88931d0"
  integrity sha512-3w3PU1VWcNzvjDblV7WXMB6hGidKL0DNN4UnGMWE+BVSQSMbdd0lfeZ788sl637cwm9xiFHttY6ovmwD7yIWuw==

"@tauri-apps/cli-linux-arm64-musl@1.5.4":
  version "1.5.4"
  resolved "https://registry.yarnpkg.com/@tauri-apps/cli-linux-arm64-musl/-/cli-linux-arm64-musl-1.5.4.tgz#57daa5187974946a600ac727b66dba90c51b3e13"
  integrity sha512-yQwAxp5AbR/y/Q1hAxQIRdHCamoTDjEMGRwiQO1qnhpQIGsUAAD92nWvEQJF2fX2YE113mo0LpTya63uRisqyA==

"@tauri-apps/cli-linux-x64-gnu@1.5.4":
  version "1.5.4"
  resolved "https://registry.yarnpkg.com/@tauri-apps/cli-linux-x64-gnu/-/cli-linux-x64-gnu-1.5.4.tgz#8e43021fe2d473f82acbe73f841e1aa5b6cfab60"
  integrity sha512-iXITFTnKA/UhSUZJaBxM4tHplPzNthIUheGuMhJuUHVdTGLzp+HqvQxMO6/qMVGrptPn9TA/k6SaSh91mF27jQ==

"@tauri-apps/cli-linux-x64-musl@1.5.4":
  version "1.5.4"
  resolved "https://registry.yarnpkg.com/@tauri-apps/cli-linux-x64-musl/-/cli-linux-x64-musl-1.5.4.tgz#9d64210c7628378b11b2ace5548f7c1484fe8783"
  integrity sha512-Kp0d1jXJvlRVJRM0UqRdnUcIqGhuT1fXWo6wXIhKtCUPxaYAaRGwJAj9zZiEfJH2lcgbPW+vLjyr6TAcH/fXiA==

"@tauri-apps/cli-win32-arm64-msvc@1.5.4":
  version "1.5.4"
  resolved "https://registry.yarnpkg.com/@tauri-apps/cli-win32-arm64-msvc/-/cli-win32-arm64-msvc-1.5.4.tgz#ae4da7c5dc5d523750d37f2d008a4a06d91f5c7d"
  integrity sha512-z5k71KabwZlYf8DetVMDsPPYoCinMx2gOc2vdxY9mC7w0Ovbk0Ff3VLR80M33MpcAonNakjS5QSrzNeLrwT8DQ==

"@tauri-apps/cli-win32-ia32-msvc@1.5.4":
  version "1.5.4"
  resolved "https://registry.yarnpkg.com/@tauri-apps/cli-win32-ia32-msvc/-/cli-win32-ia32-msvc-1.5.4.tgz#1ec7e525e7ea8c54d66a7835a9e5106cb91829fa"
  integrity sha512-9uwsBUfD4ee2QhNCCGcG5oVPHBtPxU+ew6j9NfP2B4KvyQVQ6WxkoCTJEMWcpvwefUlWfA/87wbRZQe4RLLCkw==

"@tauri-apps/cli-win32-x64-msvc@1.5.4":
  version "1.5.4"
  resolved "https://registry.yarnpkg.com/@tauri-apps/cli-win32-x64-msvc/-/cli-win32-x64-msvc-1.5.4.tgz#7ca597e5e322fb367ce75730d5fe628f43ad3088"
  integrity sha512-cYrr+AGbt0PEdYqU8PcH6fSVVZNk0PDl4k0+OPf5CHMr878ypqa3dhuVHxSvXccLtFXRltr9xvnSZcqmWLvQMg==

"@tauri-apps/cli@^1.5.4":
  version "1.5.4"
  resolved "https://registry.yarnpkg.com/@tauri-apps/cli/-/cli-1.5.4.tgz#bb846a3bf90bf045f566619e5a2d33e030558b81"
  integrity sha512-zmEG0z2sij6GcyI97AdvBdlHYrlhdJP7ecOO9JC6hJ0zjLF8AGpUfVWWKAPg/z92xsgGPRUrXY+zGKaxQiUIQw==
  optionalDependencies:
    "@tauri-apps/cli-darwin-arm64" "1.5.4"
    "@tauri-apps/cli-darwin-x64" "1.5.4"
    "@tauri-apps/cli-linux-arm-gnueabihf" "1.5.4"
    "@tauri-apps/cli-linux-arm64-gnu" "1.5.4"
    "@tauri-apps/cli-linux-arm64-musl" "1.5.4"
    "@tauri-apps/cli-linux-x64-gnu" "1.5.4"
    "@tauri-apps/cli-linux-x64-musl" "1.5.4"
    "@tauri-apps/cli-win32-arm64-msvc" "1.5.4"
    "@tauri-apps/cli-win32-ia32-msvc" "1.5.4"
    "@tauri-apps/cli-win32-x64-msvc" "1.5.4"
